
Microsoft Visual Studio Solution File, Format Version 12.00
# Visual Studio Version 16
VisualStudioVersion = 16.0.34114.132
MinimumVisualStudioVersion = 10.0.40219.1
Project("{FAE04EC0-301F-11D3-BF4B-00C04F79EFBC}") = "RE4_UHD_SCENARIO_SMD_TOOL", "RE4_UHD_SCENARIO_SMD_TOOL\RE4_UHD_SCENARIO_SMD_TOOL.csproj", "{326FD894-C6B3-4E51-9FDB-6CAECEFC5A6B}"
EndProject
Project("{FAE04EC0-301F-11D3-BF4B-00C04F79EFBC}") = "RE4_PS4NS_SCENARIO_SMD_TOOL", "RE4_PS4NS_SCENARIO_SMD_TOOL\RE4_PS4NS_SCENARIO_SMD_TOOL.csproj", "{7BD3F7AC-4A8D-480D-B285-520F55AF8EF7}"
EndProject
Project("{D954291E-2A0B-460D-934E-DC6B0785DB48}") = "SHARED_UHD_SCENARIO_SMD", "SHARED_UHD_SCENARIO_SMD\SHARED_UHD_SCENARIO_SMD.shproj", "{0D25858E-D42D-4F56-9C20-976AC9383098}"
EndProject
Project("{D954291E-2A0B-460D-934E-DC6B0785DB48}") = "SHARED_UHD_BIN", "SHARED_UHD_BIN\SHARED_UHD_BIN.shproj", "{CECC778E-F665-4C0A-9FC3-76480DDA6BF8}"
EndProject
Project("{D954291E-2A0B-460D-934E-DC6B0785DB48}") = "CjClutter.ObjLoader.Loader", "CjClutter.ObjLoader.Loader\CjClutter.ObjLoader.Loader.shproj", "{8A3A7579-5EF1-448E-A7E3-2BF569F56ED4}"
EndProject
Global
	GlobalSection(SharedMSBuildProjectFiles) = preSolution
		SHARED_UHD_SCENARIO_SMD\SHARED_UHD_SCENARIO_SMD.projitems*{0d25858e-d42d-4f56-9c20-976ac9383098}*SharedItemsImports = 13
		CjClutter.ObjLoader.Loader\CjClutter.ObjLoader.Loader.projitems*{326fd894-c6b3-4e51-9fdb-6caecefc5a6b}*SharedItemsImports = 4
		SHARED_UHD_BIN\SHARED_UHD_BIN.projitems*{326fd894-c6b3-4e51-9fdb-6caecefc5a6b}*SharedItemsImports = 4
		SHARED_UHD_SCENARIO_SMD\SHARED_UHD_SCENARIO_SMD.projitems*{326fd894-c6b3-4e51-9fdb-6caecefc5a6b}*SharedItemsImports = 4
		CjClutter.ObjLoader.Loader\CjClutter.ObjLoader.Loader.projitems*{7bd3f7ac-4a8d-480d-b285-520f55af8ef7}*SharedItemsImports = 4
		SHARED_UHD_BIN\SHARED_UHD_BIN.projitems*{7bd3f7ac-4a8d-480d-b285-520f55af8ef7}*SharedItemsImports = 4
		SHARED_UHD_SCENARIO_SMD\SHARED_UHD_SCENARIO_SMD.projitems*{7bd3f7ac-4a8d-480d-b285-520f55af8ef7}*SharedItemsImports = 4
		CjClutter.ObjLoader.Loader\CjClutter.ObjLoader.Loader.projitems*{8a3a7579-5ef1-448e-a7e3-2bf569f56ed4}*SharedItemsImports = 13
		SHARED_UHD_BIN\SHARED_UHD_BIN.projitems*{cecc778e-f665-4c0a-9fc3-76480dda6bf8}*SharedItemsImports = 13
	EndGlobalSection
	GlobalSection(SolutionConfigurationPlatforms) = preSolution
		Debug|Any CPU = Debug|Any CPU
		Release|Any CPU = Release|Any CPU
	EndGlobalSection
	GlobalSection(ProjectConfigurationPlatforms) = postSolution
		{326FD894-C6B3-4E51-9FDB-6CAECEFC5A6B}.Debug|Any CPU.ActiveCfg = Debug|Any CPU
		{326FD894-C6B3-4E51-9FDB-6CAECEFC5A6B}.Debug|Any CPU.Build.0 = Debug|Any CPU
		{326FD894-C6B3-4E51-9FDB-6CAECEFC5A6B}.Release|Any CPU.ActiveCfg = Release|Any CPU
		{326FD894-C6B3-4E51-9FDB-6CAECEFC5A6B}.Release|Any CPU.Build.0 = Release|Any CPU
		{7BD3F7AC-4A8D-480D-B285-520F55AF8EF7}.Debug|Any CPU.ActiveCfg = Debug|Any CPU
		{7BD3F7AC-4A8D-480D-B285-520F55AF8EF7}.Debug|Any CPU.Build.0 = Debug|Any CPU
		{7BD3F7AC-4A8D-480D-B285-520F55AF8EF7}.Release|Any CPU.ActiveCfg = Release|Any CPU
		{7BD3F7AC-4A8D-480D-B285-520F55AF8EF7}.Release|Any CPU.Build.0 = Release|Any CPU
	EndGlobalSection
	GlobalSection(SolutionProperties) = preSolution
		HideSolutionNode = FALSE
	EndGlobalSection
	GlobalSection(ExtensibilityGlobals) = postSolution
		SolutionGuid = {B2243971-1064-4C8B-8B6F-68873645EA16}
	EndGlobalSection
EndGlobal
